// !$*UTF8*$!
{
	archiveVersion = 1;
	classes = {
	};
	objectVersion = 50;
	objects = {

/* Begin PBXBuildFile section */
		E39A0B4525681392003F80FC /* main.cpp in Sources */ = {isa = PBXBuildFile; fileRef = E39A0B4425681392003F80FC /* main.cpp */; };
		E39A0B812568146D003F80FC /* SocketAddressFactory.cpp in Sources */ = {isa = PBXBuildFile; fileRef = E39A0B4D2568146B003F80FC /* SocketAddressFactory.cpp */; };
		E39A0B822568146D003F80FC /* UDPSocket.cpp in Sources */ = {isa = PBXBuildFile; fileRef = E39A0B4F2568146B003F80FC /* UDPSocket.cpp */; };
		E39A0B842568146D003F80FC /* SocketAddress.cpp in Sources */ = {isa = PBXBuildFile; fileRef = E39A0B532568146B003F80FC /* SocketAddress.cpp */; };
		E39A0B862568146D003F80FC /* Timing.cpp in Sources */ = {isa = PBXBuildFile; fileRef = E39A0B5A2568146C003F80FC /* Timing.cpp */; };
		E39A0B882568146D003F80FC /* MMOInputState.cpp in Sources */ = {isa = PBXBuildFile; fileRef = E39A0B5D2568146C003F80FC /* MMOInputState.cpp */; };
		E39A0B8B2568146D003F80FC /* Move.cpp in Sources */ = {isa = PBXBuildFile; fileRef = E39A0B622568146C003F80FC /* Move.cpp */; };
		E39A0B8C2568146D003F80FC /* MMOWorld.cpp in Sources */ = {isa = PBXBuildFile; fileRef = E39A0B642568146C003F80FC /* MMOWorld.cpp */; };
		E39A0B8D2568146D003F80FC /* MochaObject.cpp in Sources */ = {isa = PBXBuildFile; fileRef = E39A0B662568146C003F80FC /* MochaObject.cpp */; };
		E39A0B8E2568146D003F80FC /* MMOPeer.cpp in Sources */ = {isa = PBXBuildFile; fileRef = E39A0B672568146C003F80FC /* MMOPeer.cpp */; };
		E39A0B902568146D003F80FC /* MemoryBitStream.cpp in Sources */ = {isa = PBXBuildFile; fileRef = E39A0B692568146C003F80FC /* MemoryBitStream.cpp */; };
		E39A0B912568146D003F80FC /* GameObjectRegistry.cpp in Sources */ = {isa = PBXBuildFile; fileRef = E39A0B6B2568146C003F80FC /* GameObjectRegistry.cpp */; };
		E39A0B932568146D003F80FC /* StringUtils.cpp in Sources */ = {isa = PBXBuildFile; fileRef = E39A0B702568146D003F80FC /* StringUtils.cpp */; };
		E39A0B942568146D003F80FC /* MMOPCH.cpp in Sources */ = {isa = PBXBuildFile; fileRef = E39A0B732568146D003F80FC /* MMOPCH.cpp */; };
		E39A0B952568146D003F80FC /* NetworkManager.cpp in Sources */ = {isa = PBXBuildFile; fileRef = E39A0B742568146D003F80FC /* NetworkManager.cpp */; };
		E39A0B962568146D003F80FC /* MoveList.cpp in Sources */ = {isa = PBXBuildFile; fileRef = E39A0B792568146D003F80FC /* MoveList.cpp */; };
		E39A0B972568146D003F80FC /* TCPSocket.cpp in Sources */ = {isa = PBXBuildFile; fileRef = E39A0B7B2568146D003F80FC /* TCPSocket.cpp */; };
		E39A0B982568146D003F80FC /* SocketUtil.cpp in Sources */ = {isa = PBXBuildFile; fileRef = E39A0B7D2568146D003F80FC /* SocketUtil.cpp */; };
		E39A0BA2256817D9003F80FC /* ClientProxy.cpp in Sources */ = {isa = PBXBuildFile; fileRef = E39A0BA0256817D9003F80FC /* ClientProxy.cpp */; };
		E39A0BA62568183F003F80FC /* MochaServerPCH.cpp in Sources */ = {isa = PBXBuildFile; fileRef = E39A0BA42568183F003F80FC /* MochaServerPCH.cpp */; };
		E39A0BAA25681937003F80FC /* ReplicationManagerServer.cpp in Sources */ = {isa = PBXBuildFile; fileRef = E39A0BA825681937003F80FC /* ReplicationManagerServer.cpp */; };
		E39A0BAF256819D5003F80FC /* NetworkManagerServer.cpp in Sources */ = {isa = PBXBuildFile; fileRef = E39A0BAD256819D5003F80FC /* NetworkManagerServer.cpp */; };
		E39A0BB425681A62003F80FC /* Server.cpp in Sources */ = {isa = PBXBuildFile; fileRef = E39A0BB225681A62003F80FC /* Server.cpp */; };
		E39A0BBC256823DC003F80FC /* FirstFantasyCharacterServer.cpp in Sources */ = {isa = PBXBuildFile; fileRef = E39A0BBA256823DC003F80FC /* FirstFantasyCharacterServer.cpp */; };
		E39A0BC025682C85003F80FC /* MMOMath.cpp in Sources */ = {isa = PBXBuildFile; fileRef = E39A0BBF25682C85003F80FC /* MMOMath.cpp */; };
/* End PBXBuildFile section */

/* Begin PBXCopyFilesBuildPhase section */
		E39A0B3F25681392003F80FC /* CopyFiles */ = {
			isa = PBXCopyFilesBuildPhase;
			buildActionMask = 2147483647;
			dstPath = /usr/share/man/man1/;
			dstSubfolderSpec = 0;
			files = (
			);
			runOnlyForDeploymentPostprocessing = 1;
		};
/* End PBXCopyFilesBuildPhase section */

/* Begin PBXFileReference section */
		E39A0B4125681392003F80FC /* MochaNetServer */ = {isa = PBXFileReference; explicitFileType = "compiled.mach-o.executable"; includeInIndex = 0; path = MochaNetServer; sourceTree = BUILT_PRODUCTS_DIR; };
		E39A0B4425681392003F80FC /* main.cpp */ = {isa = PBXFileReference; lastKnownFileType = sourcecode.cpp.cpp; path = main.cpp; sourceTree = "<group>"; };
		E39A0B4C2568146B003F80FC /* GameObjectRegistry.h */ = {isa = PBXFileReference; fileEncoding = 4; lastKnownFileType = sourcecode.c.h; path = GameObjectRegistry.h; sourceTree = "<group>"; };
		E39A0B4D2568146B003F80FC /* SocketAddressFactory.cpp */ = {isa = PBXFileReference; fileEncoding = 4; lastKnownFileType = sourcecode.cpp.cpp; path = SocketAddressFactory.cpp; sourceTree = "<group>"; };
		E39A0B4E2568146B003F80FC /* MMOPeer.h */ = {isa = PBXFileReference; fileEncoding = 4; lastKnownFileType = sourcecode.c.h; path = MMOPeer.h; sourceTree = "<group>"; };
		E39A0B4F2568146B003F80FC /* UDPSocket.cpp */ = {isa = PBXFileReference; fileEncoding = 4; lastKnownFileType = sourcecode.cpp.cpp; path = UDPSocket.cpp; sourceTree = "<group>"; };
		E39A0B502568146B003F80FC /* Timing.h */ = {isa = PBXFileReference; fileEncoding = 4; lastKnownFileType = sourcecode.c.h; path = Timing.h; sourceTree = "<group>"; };
		E39A0B522568146B003F80FC /* SocketUtil.h */ = {isa = PBXFileReference; fileEncoding = 4; lastKnownFileType = sourcecode.c.h; path = SocketUtil.h; sourceTree = "<group>"; };
		E39A0B532568146B003F80FC /* SocketAddress.cpp */ = {isa = PBXFileReference; fileEncoding = 4; lastKnownFileType = sourcecode.cpp.cpp; path = SocketAddress.cpp; sourceTree = "<group>"; };
		E39A0B542568146B003F80FC /* Move.h */ = {isa = PBXFileReference; fileEncoding = 4; lastKnownFileType = sourcecode.c.h; path = Move.h; sourceTree = "<group>"; };
		E39A0B552568146B003F80FC /* MMOInputState.h */ = {isa = PBXFileReference; fileEncoding = 4; lastKnownFileType = sourcecode.c.h; path = MMOInputState.h; sourceTree = "<group>"; };
		E39A0B572568146B003F80FC /* UDPSocket.h */ = {isa = PBXFileReference; fileEncoding = 4; lastKnownFileType = sourcecode.c.h; path = UDPSocket.h; sourceTree = "<group>"; };
		E39A0B582568146B003F80FC /* MMOByteSwap.h */ = {isa = PBXFileReference; fileEncoding = 4; lastKnownFileType = sourcecode.c.h; path = MMOByteSwap.h; sourceTree = "<group>"; };
		E39A0B5A2568146C003F80FC /* Timing.cpp */ = {isa = PBXFileReference; fileEncoding = 4; lastKnownFileType = sourcecode.cpp.cpp; path = Timing.cpp; sourceTree = "<group>"; };
		E39A0B5D2568146C003F80FC /* MMOInputState.cpp */ = {isa = PBXFileReference; fileEncoding = 4; lastKnownFileType = sourcecode.cpp.cpp; path = MMOInputState.cpp; sourceTree = "<group>"; };
		E39A0B622568146C003F80FC /* Move.cpp */ = {isa = PBXFileReference; fileEncoding = 4; lastKnownFileType = sourcecode.cpp.cpp; path = Move.cpp; sourceTree = "<group>"; };
		E39A0B642568146C003F80FC /* MMOWorld.cpp */ = {isa = PBXFileReference; fileEncoding = 4; lastKnownFileType = sourcecode.cpp.cpp; path = MMOWorld.cpp; sourceTree = "<group>"; };
		E39A0B652568146C003F80FC /* MMOMath.h */ = {isa = PBXFileReference; fileEncoding = 4; lastKnownFileType = sourcecode.c.h; path = MMOMath.h; sourceTree = "<group>"; };
		E39A0B662568146C003F80FC /* MochaObject.cpp */ = {isa = PBXFileReference; fileEncoding = 4; lastKnownFileType = sourcecode.cpp.cpp; path = MochaObject.cpp; sourceTree = "<group>"; };
		E39A0B672568146C003F80FC /* MMOPeer.cpp */ = {isa = PBXFileReference; fileEncoding = 4; lastKnownFileType = sourcecode.cpp.cpp; path = MMOPeer.cpp; sourceTree = "<group>"; };
		E39A0B692568146C003F80FC /* MemoryBitStream.cpp */ = {isa = PBXFileReference; fileEncoding = 4; lastKnownFileType = sourcecode.cpp.cpp; path = MemoryBitStream.cpp; sourceTree = "<group>"; };
		E39A0B6A2568146C003F80FC /* WeightedTimeMovingAverage.h */ = {isa = PBXFileReference; fileEncoding = 4; lastKnownFileType = sourcecode.c.h; path = WeightedTimeMovingAverage.h; sourceTree = "<group>"; };
		E39A0B6B2568146C003F80FC /* GameObjectRegistry.cpp */ = {isa = PBXFileReference; fileEncoding = 4; lastKnownFileType = sourcecode.cpp.cpp; path = GameObjectRegistry.cpp; sourceTree = "<group>"; };
		E39A0B6C2568146C003F80FC /* MoveList.h */ = {isa = PBXFileReference; fileEncoding = 4; lastKnownFileType = sourcecode.c.h; path = MoveList.h; sourceTree = "<group>"; };
		E39A0B6E2568146D003F80FC /* NetworkManager.h */ = {isa = PBXFileReference; fileEncoding = 4; lastKnownFileType = sourcecode.c.h; path = NetworkManager.h; sourceTree = "<group>"; };
		E39A0B6F2568146D003F80FC /* MMOShared.h */ = {isa = PBXFileReference; fileEncoding = 4; lastKnownFileType = sourcecode.c.h; path = MMOShared.h; sourceTree = "<group>"; };
		E39A0B702568146D003F80FC /* StringUtils.cpp */ = {isa = PBXFileReference; fileEncoding = 4; lastKnownFileType = sourcecode.cpp.cpp; path = StringUtils.cpp; sourceTree = "<group>"; };
		E39A0B712568146D003F80FC /* MochaObject.h */ = {isa = PBXFileReference; fileEncoding = 4; lastKnownFileType = sourcecode.c.h; path = MochaObject.h; sourceTree = "<group>"; };
		E39A0B722568146D003F80FC /* ReplicationCommand.h */ = {isa = PBXFileReference; fileEncoding = 4; lastKnownFileType = sourcecode.c.h; path = ReplicationCommand.h; sourceTree = "<group>"; };
		E39A0B732568146D003F80FC /* MMOPCH.cpp */ = {isa = PBXFileReference; fileEncoding = 4; lastKnownFileType = sourcecode.cpp.cpp; path = MMOPCH.cpp; sourceTree = "<group>"; };
		E39A0B742568146D003F80FC /* NetworkManager.cpp */ = {isa = PBXFileReference; fileEncoding = 4; lastKnownFileType = sourcecode.cpp.cpp; path = NetworkManager.cpp; sourceTree = "<group>"; };
		E39A0B762568146D003F80FC /* MMOPCH.h */ = {isa = PBXFileReference; fileEncoding = 4; lastKnownFileType = sourcecode.c.h; path = MMOPCH.h; sourceTree = "<group>"; };
		E39A0B782568146D003F80FC /* TCPSocket.h */ = {isa = PBXFileReference; fileEncoding = 4; lastKnownFileType = sourcecode.c.h; path = TCPSocket.h; sourceTree = "<group>"; };
		E39A0B792568146D003F80FC /* MoveList.cpp */ = {isa = PBXFileReference; fileEncoding = 4; lastKnownFileType = sourcecode.cpp.cpp; path = MoveList.cpp; sourceTree = "<group>"; };
		E39A0B7A2568146D003F80FC /* SocketAddressFactory.h */ = {isa = PBXFileReference; fileEncoding = 4; lastKnownFileType = sourcecode.c.h; path = SocketAddressFactory.h; sourceTree = "<group>"; };
		E39A0B7B2568146D003F80FC /* TCPSocket.cpp */ = {isa = PBXFileReference; fileEncoding = 4; lastKnownFileType = sourcecode.cpp.cpp; path = TCPSocket.cpp; sourceTree = "<group>"; };
		E39A0B7C2568146D003F80FC /* StringUtils.h */ = {isa = PBXFileReference; fileEncoding = 4; lastKnownFileType = sourcecode.c.h; path = StringUtils.h; sourceTree = "<group>"; };
		E39A0B7D2568146D003F80FC /* SocketUtil.cpp */ = {isa = PBXFileReference; fileEncoding = 4; lastKnownFileType = sourcecode.cpp.cpp; path = SocketUtil.cpp; sourceTree = "<group>"; };
		E39A0B7E2568146D003F80FC /* MMOWorld.h */ = {isa = PBXFileReference; fileEncoding = 4; lastKnownFileType = sourcecode.c.h; path = MMOWorld.h; sourceTree = "<group>"; };
		E39A0B7F2568146D003F80FC /* MemoryBitStream.h */ = {isa = PBXFileReference; fileEncoding = 4; lastKnownFileType = sourcecode.c.h; path = MemoryBitStream.h; sourceTree = "<group>"; };
		E39A0B802568146D003F80FC /* SocketAddress.h */ = {isa = PBXFileReference; fileEncoding = 4; lastKnownFileType = sourcecode.c.h; path = SocketAddress.h; sourceTree = "<group>"; };
		E39A0BA0256817D9003F80FC /* ClientProxy.cpp */ = {isa = PBXFileReference; lastKnownFileType = sourcecode.cpp.cpp; path = ClientProxy.cpp; sourceTree = "<group>"; };
		E39A0BA1256817D9003F80FC /* ClientProxy.h */ = {isa = PBXFileReference; lastKnownFileType = sourcecode.c.h; path = ClientProxy.h; sourceTree = "<group>"; };
		E39A0BA42568183F003F80FC /* MochaServerPCH.cpp */ = {isa = PBXFileReference; lastKnownFileType = sourcecode.cpp.cpp; path = MochaServerPCH.cpp; sourceTree = "<group>"; };
		E39A0BA52568183F003F80FC /* MochaServerPCH.h */ = {isa = PBXFileReference; lastKnownFileType = sourcecode.c.h; path = MochaServerPCH.h; sourceTree = "<group>"; };
		E39A0BA825681937003F80FC /* ReplicationManagerServer.cpp */ = {isa = PBXFileReference; lastKnownFileType = sourcecode.cpp.cpp; path = ReplicationManagerServer.cpp; sourceTree = "<group>"; };
		E39A0BA925681937003F80FC /* ReplicationManagerServer.h */ = {isa = PBXFileReference; lastKnownFileType = sourcecode.c.h; path = ReplicationManagerServer.h; sourceTree = "<group>"; };
		E39A0BAD256819D5003F80FC /* NetworkManagerServer.cpp */ = {isa = PBXFileReference; lastKnownFileType = sourcecode.cpp.cpp; path = NetworkManagerServer.cpp; sourceTree = "<group>"; };
		E39A0BAE256819D5003F80FC /* NetworkManagerServer.h */ = {isa = PBXFileReference; lastKnownFileType = sourcecode.c.h; path = NetworkManagerServer.h; sourceTree = "<group>"; };
		E39A0BB225681A62003F80FC /* Server.cpp */ = {isa = PBXFileReference; lastKnownFileType = sourcecode.cpp.cpp; path = Server.cpp; sourceTree = "<group>"; };
		E39A0BB325681A62003F80FC /* Server.h */ = {isa = PBXFileReference; lastKnownFileType = sourcecode.c.h; path = Server.h; sourceTree = "<group>"; };
		E39A0BBA256823DC003F80FC /* FirstFantasyCharacterServer.cpp */ = {isa = PBXFileReference; lastKnownFileType = sourcecode.cpp.cpp; path = FirstFantasyCharacterServer.cpp; sourceTree = "<group>"; };
		E39A0BBB256823DC003F80FC /* FirstFantasyCharacterServer.h */ = {isa = PBXFileReference; lastKnownFileType = sourcecode.c.h; path = FirstFantasyCharacterServer.h; sourceTree = "<group>"; };
		E39A0BBF25682C85003F80FC /* MMOMath.cpp */ = {isa = PBXFileReference; lastKnownFileType = sourcecode.cpp.cpp; path = MMOMath.cpp; sourceTree = "<group>"; };
/* End PBXFileReference section */

/* Begin PBXFrameworksBuildPhase section */
		E39A0B3E25681392003F80FC /* Frameworks */ = {
			isa = PBXFrameworksBuildPhase;
			buildActionMask = 2147483647;
			files = (
			);
			runOnlyForDeploymentPostprocessing = 0;
		};
/* End PBXFrameworksBuildPhase section */

/* Begin PBXGroup section */
		E39A0B3825681392003F80FC = {
			isa = PBXGroup;
			children = (
				E39A0B4325681392003F80FC /* MochaNetServer */,
				E39A0B4225681392003F80FC /* Products */,
			);
			sourceTree = "<group>";
		};
		E39A0B4225681392003F80FC /* Products */ = {
			isa = PBXGroup;
			children = (
				E39A0B4125681392003F80FC /* MochaNetServer */,
			);
			name = Products;
			sourceTree = "<group>";
		};
		E39A0B4325681392003F80FC /* MochaNetServer */ = {
			isa = PBXGroup;
			children = (
				E39A0B4425681392003F80FC /* main.cpp */,
				E39A0B732568146D003F80FC /* MMOPCH.cpp */,
				E39A0B762568146D003F80FC /* MMOPCH.h */,
				E39A0B6F2568146D003F80FC /* MMOShared.h */,
				E39A0B6B2568146C003F80FC /* GameObjectRegistry.cpp */,
				E39A0B4C2568146B003F80FC /* GameObjectRegistry.h */,
				E39A0B692568146C003F80FC /* MemoryBitStream.cpp */,
				E39A0B7F2568146D003F80FC /* MemoryBitStream.h */,
				E39A0B582568146B003F80FC /* MMOByteSwap.h */,
				E39A0BBF25682C85003F80FC /* MMOMath.cpp */,
				E39A0B652568146C003F80FC /* MMOMath.h */,
				E39A0B5D2568146C003F80FC /* MMOInputState.cpp */,
				E39A0B552568146B003F80FC /* MMOInputState.h */,
				E39A0B672568146C003F80FC /* MMOPeer.cpp */,
				E39A0B4E2568146B003F80FC /* MMOPeer.h */,
				E39A0B642568146C003F80FC /* MMOWorld.cpp */,
				E39A0B7E2568146D003F80FC /* MMOWorld.h */,
				E39A0B662568146C003F80FC /* MochaObject.cpp */,
				E39A0B712568146D003F80FC /* MochaObject.h */,
				E39A0B622568146C003F80FC /* Move.cpp */,
				E39A0B542568146B003F80FC /* Move.h */,
				E39A0B792568146D003F80FC /* MoveList.cpp */,
				E39A0B6C2568146C003F80FC /* MoveList.h */,
				E39A0B742568146D003F80FC /* NetworkManager.cpp */,
				E39A0B6E2568146D003F80FC /* NetworkManager.h */,
				E39A0B722568146D003F80FC /* ReplicationCommand.h */,
				E39A0B532568146B003F80FC /* SocketAddress.cpp */,
				E39A0B802568146D003F80FC /* SocketAddress.h */,
				E39A0B4D2568146B003F80FC /* SocketAddressFactory.cpp */,
				E39A0B7A2568146D003F80FC /* SocketAddressFactory.h */,
				E39A0B7D2568146D003F80FC /* SocketUtil.cpp */,
				E39A0B522568146B003F80FC /* SocketUtil.h */,
				E39A0B702568146D003F80FC /* StringUtils.cpp */,
				E39A0B7C2568146D003F80FC /* StringUtils.h */,
				E39A0B7B2568146D003F80FC /* TCPSocket.cpp */,
				E39A0B782568146D003F80FC /* TCPSocket.h */,
				E39A0B5A2568146C003F80FC /* Timing.cpp */,
				E39A0B502568146B003F80FC /* Timing.h */,
				E39A0B4F2568146B003F80FC /* UDPSocket.cpp */,
				E39A0B572568146B003F80FC /* UDPSocket.h */,
				E39A0B6A2568146C003F80FC /* WeightedTimeMovingAverage.h */,
				E39A0BA0256817D9003F80FC /* ClientProxy.cpp */,
				E39A0BA1256817D9003F80FC /* ClientProxy.h */,
				E39A0BA42568183F003F80FC /* MochaServerPCH.cpp */,
				E39A0BA52568183F003F80FC /* MochaServerPCH.h */,
				E39A0BA825681937003F80FC /* ReplicationManagerServer.cpp */,
				E39A0BA925681937003F80FC /* ReplicationManagerServer.h */,
				E39A0BAD256819D5003F80FC /* NetworkManagerServer.cpp */,
				E39A0BAE256819D5003F80FC /* NetworkManagerServer.h */,
				E39A0BB225681A62003F80FC /* Server.cpp */,
				E39A0BB325681A62003F80FC /* Server.h */,
				E39A0BBA256823DC003F80FC /* FirstFantasyCharacterServer.cpp */,
				E39A0BBB256823DC003F80FC /* FirstFantasyCharacterServer.h */,
			);
			path = MochaNetServer;
			sourceTree = "<group>";
		};
/* End PBXGroup section */

/* Begin PBXNativeTarget section */
		E39A0B4025681392003F80FC /* MochaNetServer */ = {
			isa = PBXNativeTarget;
			buildConfigurationList = E39A0B4825681392003F80FC /* Build configuration list for PBXNativeTarget "MochaNetServer" */;
			buildPhases = (
				E39A0B3D25681392003F80FC /* Sources */,
				E39A0B3E25681392003F80FC /* Frameworks */,
				E39A0B3F25681392003F80FC /* CopyFiles */,
			);
			buildRules = (
			);
			dependencies = (
			);
			name = MochaNetServer;
			productName = MochaNetServer;
			productReference = E39A0B4125681392003F80FC /* MochaNetServer */;
			productType = "com.apple.product-type.tool";
		};
/* End PBXNativeTarget section */

/* Begin PBXProject section */
		E39A0B3925681392003F80FC /* Project object */ = {
			isa = PBXProject;
			attributes = {
				LastUpgradeCheck = 1220;
				TargetAttributes = {
					E39A0B4025681392003F80FC = {
						CreatedOnToolsVersion = 12.2;
					};
				};
			};
			buildConfigurationList = E39A0B3C25681392003F80FC /* Build configuration list for PBXProject "MochaNetServer" */;
			compatibilityVersion = "Xcode 9.3";
			developmentRegion = en;
			hasScannedForEncodings = 0;
			knownRegions = (
				en,
				Base,
			);
			mainGroup = E39A0B3825681392003F80FC;
			productRefGroup = E39A0B4225681392003F80FC /* Products */;
			projectDirPath = "";
			projectRoot = "";
			targets = (
				E39A0B4025681392003F80FC /* MochaNetServer */,
			);
		};
/* End PBXProject section */

/* Begin PBXSourcesBuildPhase section */
		E39A0B3D25681392003F80FC /* Sources */ = {
			isa = PBXSourcesBuildPhase;
			buildActionMask = 2147483647;
			files = (
				E39A0B932568146D003F80FC /* StringUtils.cpp in Sources */,
				E39A0B8E2568146D003F80FC /* MMOPeer.cpp in Sources */,
				E39A0B8C2568146D003F80FC /* MMOWorld.cpp in Sources */,
				E39A0BAA25681937003F80FC /* ReplicationManagerServer.cpp in Sources */,
				E39A0B8B2568146D003F80FC /* Move.cpp in Sources */,
				E39A0B812568146D003F80FC /* SocketAddressFactory.cpp in Sources */,
				E39A0B862568146D003F80FC /* Timing.cpp in Sources */,
				E39A0BAF256819D5003F80FC /* NetworkManagerServer.cpp in Sources */,
				E39A0BA62568183F003F80FC /* MochaServerPCH.cpp in Sources */,
				E39A0BB425681A62003F80FC /* Server.cpp in Sources */,
				E39A0B912568146D003F80FC /* GameObjectRegistry.cpp in Sources */,
				E39A0BC025682C85003F80FC /* MMOMath.cpp in Sources */,
				E39A0B942568146D003F80FC /* MMOPCH.cpp in Sources */,
				E39A0B902568146D003F80FC /* MemoryBitStream.cpp in Sources */,
				E39A0B882568146D003F80FC /* MMOInputState.cpp in Sources */,
				E39A0B4525681392003F80FC /* main.cpp in Sources */,
				E39A0B962568146D003F80FC /* MoveList.cpp in Sources */,
				E39A0BA2256817D9003F80FC /* ClientProxy.cpp in Sources */,
				E39A0B822568146D003F80FC /* UDPSocket.cpp in Sources */,
				E39A0BBC256823DC003F80FC /* FirstFantasyCharacterServer.cpp in Sources */,
				E39A0B982568146D003F80FC /* SocketUtil.cpp in Sources */,
				E39A0B952568146D003F80FC /* NetworkManager.cpp in Sources */,
				E39A0B8D2568146D003F80FC /* MochaObject.cpp in Sources */,
				E39A0B842568146D003F80FC /* SocketAddress.cpp in Sources */,
				E39A0B972568146D003F80FC /* TCPSocket.cpp in Sources */,
			);
			runOnlyForDeploymentPostprocessing = 0;
		};
/* End PBXSourcesBuildPhase section */

/* Begin XCBuildConfiguration section */
		E39A0B4625681392003F80FC /* Debug */ = {
			isa = XCBuildConfiguration;
			buildSettings = {
				ALWAYS_SEARCH_USER_PATHS = NO;
				CLANG_ANALYZER_NONNULL = YES;
				CLANG_ANALYZER_NUMBER_OBJECT_CONVERSION = YES_AGGRESSIVE;
				CLANG_CXX_LANGUAGE_STANDARD = "gnu++14";
				CLANG_CXX_LIBRARY = "libc++";
				CLANG_ENABLE_MODULES = YES;
				CLANG_ENABLE_OBJC_ARC = YES;
				CLANG_ENABLE_OBJC_WEAK = YES;
				CLANG_WARN_BLOCK_CAPTURE_AUTORELEASING = YES;
				CLANG_WARN_BOOL_CONVERSION = YES;
				CLANG_WARN_COMMA = YES;
				CLANG_WARN_CONSTANT_CONVERSION = YES;
				CLANG_WARN_DEPRECATED_OBJC_IMPLEMENTATIONS = YES;
				CLANG_WARN_DIRECT_OBJC_ISA_USAGE = YES_ERROR;
				CLANG_WARN_DOCUMENTATION_COMMENTS = YES;
				CLANG_WARN_EMPTY_BODY = YES;
				CLANG_WARN_ENUM_CONVERSION = YES;
				CLANG_WARN_INFINITE_RECURSION = YES;
				CLANG_WARN_INT_CONVERSION = YES;
				CLANG_WARN_NON_LITERAL_NULL_CONVERSION = YES;
				CLANG_WARN_OBJC_IMPLICIT_RETAIN_SELF = YES;
				CLANG_WARN_OBJC_LITERAL_CONVERSION = YES;
				CLANG_WARN_OBJC_ROOT_CLASS = YES_ERROR;
				CLANG_WARN_QUOTED_INCLUDE_IN_FRAMEWORK_HEADER = YES;
				CLANG_WARN_RANGE_LOOP_ANALYSIS = YES;
				CLANG_WARN_STRICT_PROTOTYPES = YES;
				CLANG_WARN_SUSPICIOUS_MOVE = YES;
				CLANG_WARN_UNGUARDED_AVAILABILITY = YES_AGGRESSIVE;
				CLANG_WARN_UNREACHABLE_CODE = YES;
				CLANG_WARN__DUPLICATE_METHOD_MATCH = YES;
				COPY_PHASE_STRIP = NO;
				DEBUG_INFORMATION_FORMAT = dwarf;
				ENABLE_STRICT_OBJC_MSGSEND = YES;
				ENABLE_TESTABILITY = YES;
				GCC_C_LANGUAGE_STANDARD = gnu11;
				GCC_DYNAMIC_NO_PIC = NO;
				GCC_NO_COMMON_BLOCKS = YES;
				GCC_OPTIMIZATION_LEVEL = 0;
				GCC_PREPROCESSOR_DEFINITIONS = (
					"DEBUG=1",
					"$(inherited)",
				);
				GCC_WARN_64_TO_32_BIT_CONVERSION = YES;
				GCC_WARN_ABOUT_RETURN_TYPE = YES_ERROR;
				GCC_WARN_UNDECLARED_SELECTOR = YES;
				GCC_WARN_UNINITIALIZED_AUTOS = YES_AGGRESSIVE;
				GCC_WARN_UNUSED_FUNCTION = YES;
				GCC_WARN_UNUSED_VARIABLE = YES;
				MACOSX_DEPLOYMENT_TARGET = 11.0;
				MTL_ENABLE_DEBUG_INFO = INCLUDE_SOURCE;
				MTL_FAST_MATH = YES;
				ONLY_ACTIVE_ARCH = YES;
				SDKROOT = macosx;
			};
			name = Debug;
		};
		E39A0B4725681392003F80FC /* Release */ = {
			isa = XCBuildConfiguration;
			buildSettings = {
				ALWAYS_SEARCH_USER_PATHS = NO;
				CLANG_ANALYZER_NONNULL = YES;
				CLANG_ANALYZER_NUMBER_OBJECT_CONVERSION = YES_AGGRESSIVE;
				CLANG_CXX_LANGUAGE_STANDARD = "gnu++14";
				CLANG_CXX_LIBRARY = "libc++";
				CLANG_ENABLE_MODULES = YES;
				CLANG_ENABLE_OBJC_ARC = YES;
				CLANG_ENABLE_OBJC_WEAK = YES;
				CLANG_WARN_BLOCK_CAPTURE_AUTORELEASING = YES;
				CLANG_WARN_BOOL_CONVERSION = YES;
				CLANG_WARN_COMMA = YES;
				CLANG_WARN_CONSTANT_CONVERSION = YES;
				CLANG_WARN_DEPRECATED_OBJC_IMPLEMENTATIONS = YES;
				CLANG_WARN_DIRECT_OBJC_ISA_USAGE = YES_ERROR;
				CLANG_WARN_DOCUMENTATION_COMMENTS = YES;
				CLANG_WARN_EMPTY_BODY = YES;
				CLANG_WARN_ENUM_CONVERSION = YES;
				CLANG_WARN_INFINITE_RECURSION = YES;
				CLANG_WARN_INT_CONVERSION = YES;
				CLANG_WARN_NON_LITERAL_NULL_CONVERSION = YES;
				CLANG_WARN_OBJC_IMPLICIT_RETAIN_SELF = YES;
				CLANG_WARN_OBJC_LITERAL_CONVERSION = YES;
				CLANG_WARN_OBJC_ROOT_CLASS = YES_ERROR;
				CLANG_WARN_QUOTED_INCLUDE_IN_FRAMEWORK_HEADER = YES;
				CLANG_WARN_RANGE_LOOP_ANALYSIS = YES;
				CLANG_WARN_STRICT_PROTOTYPES = YES;
				CLANG_WARN_SUSPICIOUS_MOVE = YES;
				CLANG_WARN_UNGUARDED_AVAILABILITY = YES_AGGRESSIVE;
				CLANG_WARN_UNREACHABLE_CODE = YES;
				CLANG_WARN__DUPLICATE_METHOD_MATCH = YES;
				COPY_PHASE_STRIP = NO;
				DEBUG_INFORMATION_FORMAT = "dwarf-with-dsym";
				ENABLE_NS_ASSERTIONS = NO;
				ENABLE_STRICT_OBJC_MSGSEND = YES;
				GCC_C_LANGUAGE_STANDARD = gnu11;
				GCC_NO_COMMON_BLOCKS = YES;
				GCC_WARN_64_TO_32_BIT_CONVERSION = YES;
				GCC_WARN_ABOUT_RETURN_TYPE = YES_ERROR;
				GCC_WARN_UNDECLARED_SELECTOR = YES;
				GCC_WARN_UNINITIALIZED_AUTOS = YES_AGGRESSIVE;
				GCC_WARN_UNUSED_FUNCTION = YES;
				GCC_WARN_UNUSED_VARIABLE = YES;
				MACOSX_DEPLOYMENT_TARGET = 11.0;
				MTL_ENABLE_DEBUG_INFO = NO;
				MTL_FAST_MATH = YES;
				SDKROOT = macosx;
			};
			name = Release;
		};
		E39A0B4925681392003F80FC /* Debug */ = {
			isa = XCBuildConfiguration;
			buildSettings = {
				CODE_SIGN_STYLE = Automatic;
				DEVELOPMENT_TEAM = ZUY57PK6P4;
				ENABLE_HARDENED_RUNTIME = YES;
				PRODUCT_NAME = "$(TARGET_NAME)";
			};
			name = Debug;
		};
		E39A0B4A25681392003F80FC /* Release */ = {
			isa = XCBuildConfiguration;
			buildSettings = {
				CODE_SIGN_STYLE = Automatic;
				DEVELOPMENT_TEAM = ZUY57PK6P4;
				ENABLE_HARDENED_RUNTIME = YES;
				PRODUCT_NAME = "$(TARGET_NAME)";
			};
			name = Release;
		};
/* End XCBuildConfiguration section */

/* Begin XCConfigurationList section */
		E39A0B3C25681392003F80FC /* Build configuration list for PBXProject "MochaNetServer" */ = {
			isa = XCConfigurationList;
			buildConfigurations = (
				E39A0B4625681392003F80FC /* Debug */,
				E39A0B4725681392003F80FC /* Release */,
			);
			defaultConfigurationIsVisible = 0;
			defaultConfigurationName = Release;
		};
		E39A0B4825681392003F80FC /* Build configuration list for PBXNativeTarget "MochaNetServer" */ = {
			isa = XCConfigurationList;
			buildConfigurations = (
				E39A0B4925681392003F80FC /* Debug */,
				E39A0B4A25681392003F80FC /* Release */,
			);
			defaultConfigurationIsVisible = 0;
			defaultConfigurationName = Release;
		};
/* End XCConfigurationList section */
	};
	rootObject = E39A0B3925681392003F80FC /* Project object */;
}
